
Microsoft Visual Studio Solution File, Format Version 12.00
# Visual Studio Version 17
VisualStudioVersion = 17.1.32210.238
MinimumVisualStudioVersion = 10.0.40219.1
Project("{888888A0-9F3D-457C-B088-3A5042F75D52}") = "TestNN", "TestNN\TestNN.pyproj", "{5FED7013-DB4C-4B65-8A4B-61EF31E8C2D2}"
EndProject
Global
	GlobalSection(SolutionConfigurationPlatforms) = preSolution
		Debug|Any CPU = Debug|Any CPU
		Release|Any CPU = Release|Any CPU
	EndGlobalSection
	GlobalSection(ProjectConfigurationPlatforms) = postSolution
		{5FED7013-DB4C-4B65-8A4B-61EF31E8C2D2}.Debug|Any CPU.ActiveCfg = Debug|Any CPU
		{5FED7013-DB4C-4B65-8A4B-61EF31E8C2D2}.Release|Any CPU.ActiveCfg = Release|Any CPU
	EndGlobalSection
	GlobalSection(SolutionProperties) = preSolution
		HideSolutionNode = FALSE
	EndGlobalSection
	GlobalSection(ExtensibilityGlobals) = postSolution
		SolutionGuid = {7808F00B-A541-401E-B747-DC31A88DDCBA}
	EndGlobalSection
EndGlobal
